// !$*UTF8*$!
{
	archiveVersion = 1;
	classes = {
	};
	objectVersion = 56;
	objects = {

/* Begin PBXBuildFile section */
		C89A31A929FAF42B00EAAB70 /* AppDelegate.swift in Sources */ = {isa = PBXBuildFile; fileRef = C89A31A829FAF42B00EAAB70 /* AppDelegate.swift */; };
		C89A31AB29FAF42B00EAAB70 /* SceneDelegate.swift in Sources */ = {isa = PBXBuildFile; fileRef = C89A31AA29FAF42B00EAAB70 /* SceneDelegate.swift */; };
		C89A31AD29FAF42B00EAAB70 /* ViewController.swift in Sources */ = {isa = PBXBuildFile; fileRef = C89A31AC29FAF42B00EAAB70 /* ViewController.swift */; };
		C89A31B029FAF42B00EAAB70 /* Main.storyboard in Resources */ = {isa = PBXBuildFile; fileRef = C89A31AE29FAF42B00EAAB70 /* Main.storyboard */; };
		C89A31B229FAF42C00EAAB70 /* Assets.xcassets in Resources */ = {isa = PBXBuildFile; fileRef = C89A31B129FAF42C00EAAB70 /* Assets.xcassets */; };
		C89A31B529FAF42C00EAAB70 /* LaunchScreen.storyboard in Resources */ = {isa = PBXBuildFile; fileRef = C89A31B329FAF42C00EAAB70 /* LaunchScreen.storyboard */; };
		C89A31C029FAF42C00EAAB70 /* Homework_7Tests.swift in Sources */ = {isa = PBXBuildFile; fileRef = C89A31BF29FAF42C00EAAB70 /* Homework_7Tests.swift */; };
		C89A31CA29FAF42C00EAAB70 /* Homework_7UITests.swift in Sources */ = {isa = PBXBuildFile; fileRef = C89A31C929FAF42C00EAAB70 /* Homework_7UITests.swift */; };
		C89A31CC29FAF42C00EAAB70 /* Homework_7UITestsLaunchTests.swift in Sources */ = {isa = PBXBuildFile; fileRef = C89A31CB29FAF42C00EAAB70 /* Homework_7UITestsLaunchTests.swift */; };
/* End PBXBuildFile section */

/* Begin PBXContainerItemProxy section */
		C89A31BC29FAF42C00EAAB70 /* PBXContainerItemProxy */ = {
			isa = PBXContainerItemProxy;
			containerPortal = C89A319D29FAF42B00EAAB70 /* Project object */;
			proxyType = 1;
			remoteGlobalIDString = C89A31A429FAF42B00EAAB70;
			remoteInfo = "Homework 7";
		};
		C89A31C629FAF42C00EAAB70 /* PBXContainerItemProxy */ = {
			isa = PBXContainerItemProxy;
			containerPortal = C89A319D29FAF42B00EAAB70 /* Project object */;
			proxyType = 1;
			remoteGlobalIDString = C89A31A429FAF42B00EAAB70;
			remoteInfo = "Homework 7";
		};
/* End PBXContainerItemProxy section */

/* Begin PBXFileReference section */
		C89A31A529FAF42B00EAAB70 /* Homework 7.app */ = {isa = PBXFileReference; explicitFileType = wrapper.application; includeInIndex = 0; path = "Homework 7.app"; sourceTree = BUILT_PRODUCTS_DIR; };
		C89A31A829FAF42B00EAAB70 /* AppDelegate.swift */ = {isa = PBXFileReference; lastKnownFileType = sourcecode.swift; path = AppDelegate.swift; sourceTree = "<group>"; };
		C89A31AA29FAF42B00EAAB70 /* SceneDelegate.swift */ = {isa = PBXFileReference; lastKnownFileType = sourcecode.swift; path = SceneDelegate.swift; sourceTree = "<group>"; };
		C89A31AC29FAF42B00EAAB70 /* ViewController.swift */ = {isa = PBXFileReference; lastKnownFileType = sourcecode.swift; path = ViewController.swift; sourceTree = "<group>"; };
		C89A31AF29FAF42B00EAAB70 /* Base */ = {isa = PBXFileReference; lastKnownFileType = file.storyboard; name = Base; path = Base.lproj/Main.storyboard; sourceTree = "<group>"; };
		C89A31B129FAF42C00EAAB70 /* Assets.xcassets */ = {isa = PBXFileReference; lastKnownFileType = folder.assetcatalog; path = Assets.xcassets; sourceTree = "<group>"; };
		C89A31B429FAF42C00EAAB70 /* Base */ = {isa = PBXFileReference; lastKnownFileType = file.storyboard; name = Base; path = Base.lproj/LaunchScreen.storyboard; sourceTree = "<group>"; };
		C89A31B629FAF42C00EAAB70 /* Info.plist */ = {isa = PBXFileReference; lastKnownFileType = text.plist.xml; path = Info.plist; sourceTree = "<group>"; };
		C89A31BB29FAF42C00EAAB70 /* Homework 7Tests.xctest */ = {isa = PBXFileReference; explicitFileType = wrapper.cfbundle; includeInIndex = 0; path = "Homework 7Tests.xctest"; sourceTree = BUILT_PRODUCTS_DIR; };
		C89A31BF29FAF42C00EAAB70 /* Homework_7Tests.swift */ = {isa = PBXFileReference; lastKnownFileType = sourcecode.swift; path = Homework_7Tests.swift; sourceTree = "<group>"; };
		C89A31C529FAF42C00EAAB70 /* Homework 7UITests.xctest */ = {isa = PBXFileReference; explicitFileType = wrapper.cfbundle; includeInIndex = 0; path = "Homework 7UITests.xctest"; sourceTree = BUILT_PRODUCTS_DIR; };
		C89A31C929FAF42C00EAAB70 /* Homework_7UITests.swift */ = {isa = PBXFileReference; lastKnownFileType = sourcecode.swift; path = Homework_7UITests.swift; sourceTree = "<group>"; };
		C89A31CB29FAF42C00EAAB70 /* Homework_7UITestsLaunchTests.swift */ = {isa = PBXFileReference; lastKnownFileType = sourcecode.swift; path = Homework_7UITestsLaunchTests.swift; sourceTree = "<group>"; };
/* End PBXFileReference section */

/* Begin PBXFrameworksBuildPhase section */
		C89A31A229FAF42B00EAAB70 /* Frameworks */ = {
			isa = PBXFrameworksBuildPhase;
			buildActionMask = 2147483647;
			files = (
			);
			runOnlyForDeploymentPostprocessing = 0;
		};
		C89A31B829FAF42C00EAAB70 /* Frameworks */ = {
			isa = PBXFrameworksBuildPhase;
			buildActionMask = 2147483647;
			files = (
			);
			runOnlyForDeploymentPostprocessing = 0;
		};
		C89A31C229FAF42C00EAAB70 /* Frameworks */ = {
			isa = PBXFrameworksBuildPhase;
			buildActionMask = 2147483647;
			files = (
			);
			runOnlyForDeploymentPostprocessing = 0;
		};
/* End PBXFrameworksBuildPhase section */

/* Begin PBXGroup section */
		C89A319C29FAF42B00EAAB70 = {
			isa = PBXGroup;
			children = (
				C89A31A729FAF42B00EAAB70 /* Homework 7 */,
				C89A31BE29FAF42C00EAAB70 /* Homework 7Tests */,
				C89A31C829FAF42C00EAAB70 /* Homework 7UITests */,
				C89A31A629FAF42B00EAAB70 /* Products */,
			);
			sourceTree = "<group>";
		};
		C89A31A629FAF42B00EAAB70 /* Products */ = {
			isa = PBXGroup;
			children = (
				C89A31A529FAF42B00EAAB70 /* Homework 7.app */,
				C89A31BB29FAF42C00EAAB70 /* Homework 7Tests.xctest */,
				C89A31C529FAF42C00EAAB70 /* Homework 7UITests.xctest */,
			);
			name = Products;
			sourceTree = "<group>";
		};
		C89A31A729FAF42B00EAAB70 /* Homework 7 */ = {
			isa = PBXGroup;
			children = (
				C89A31A829FAF42B00EAAB70 /* AppDelegate.swift */,
				C89A31AA29FAF42B00EAAB70 /* SceneDelegate.swift */,
				C89A31AC29FAF42B00EAAB70 /* ViewController.swift */,
				C89A31AE29FAF42B00EAAB70 /* Main.storyboard */,
				C89A31B129FAF42C00EAAB70 /* Assets.xcassets */,
				C89A31B329FAF42C00EAAB70 /* LaunchScreen.storyboard */,
				C89A31B629FAF42C00EAAB70 /* Info.plist */,
			);
			path = "Homework 7";
			sourceTree = "<group>";
		};
		C89A31BE29FAF42C00EAAB70 /* Homework 7Tests */ = {
			isa = PBXGroup;
			children = (
				C89A31BF29FAF42C00EAAB70 /* Homework_7Tests.swift */,
			);
			path = "Homework 7Tests";
			sourceTree = "<group>";
		};
		C89A31C829FAF42C00EAAB70 /* Homework 7UITests */ = {
			isa = PBXGroup;
			children = (
				C89A31C929FAF42C00EAAB70 /* Homework_7UITests.swift */,
				C89A31CB29FAF42C00EAAB70 /* Homework_7UITestsLaunchTests.swift */,
			);
			path = "Homework 7UITests";
			sourceTree = "<group>";
		};
/* End PBXGroup section */

/* Begin PBXNativeTarget section */
		C89A31A429FAF42B00EAAB70 /* Homework 7 */ = {
			isa = PBXNativeTarget;
			buildConfigurationList = C89A31CF29FAF42C00EAAB70 /* Build configuration list for PBXNativeTarget "Homework 7" */;
			buildPhases = (
				C89A31A129FAF42B00EAAB70 /* Sources */,
				C89A31A229FAF42B00EAAB70 /* Frameworks */,
				C89A31A329FAF42B00EAAB70 /* Resources */,
			);
			buildRules = (
			);
			dependencies = (
			);
			name = "Homework 7";
			productName = "Homework 7";
			productReference = C89A31A529FAF42B00EAAB70 /* Homework 7.app */;
			productType = "com.apple.product-type.application";
		};
		C89A31BA29FAF42C00EAAB70 /* Homework 7Tests */ = {
			isa = PBXNativeTarget;
			buildConfigurationList = C89A31D229FAF42C00EAAB70 /* Build configuration list for PBXNativeTarget "Homework 7Tests" */;
			buildPhases = (
				C89A31B729FAF42C00EAAB70 /* Sources */,
				C89A31B829FAF42C00EAAB70 /* Frameworks */,
				C89A31B929FAF42C00EAAB70 /* Resources */,
			);
			buildRules = (
			);
			dependencies = (
				C89A31BD29FAF42C00EAAB70 /* PBXTargetDependency */,
			);
			name = "Homework 7Tests";
			productName = "Homework 7Tests";
			productReference = C89A31BB29FAF42C00EAAB70 /* Homework 7Tests.xctest */;
			productType = "com.apple.product-type.bundle.unit-test";
		};
		C89A31C429FAF42C00EAAB70 /* Homework 7UITests */ = {
			isa = PBXNativeTarget;
			buildConfigurationList = C89A31D529FAF42C00EAAB70 /* Build configuration list for PBXNativeTarget "Homework 7UITests" */;
			buildPhases = (
				C89A31C129FAF42C00EAAB70 /* Sources */,
				C89A31C229FAF42C00EAAB70 /* Frameworks */,
				C89A31C329FAF42C00EAAB70 /* Resources */,
			);
			buildRules = (
			);
			dependencies = (
				C89A31C729FAF42C00EAAB70 /* PBXTargetDependency */,
			);
			name = "Homework 7UITests";
			productName = "Homework 7UITests";
			productReference = C89A31C529FAF42C00EAAB70 /* Homework 7UITests.xctest */;
			productType = "com.apple.product-type.bundle.ui-testing";
		};
/* End PBXNativeTarget section */

/* Begin PBXProject section */
		C89A319D29FAF42B00EAAB70 /* Project object */ = {
			isa = PBXProject;
			attributes = {
				BuildIndependentTargetsInParallel = 1;
				LastSwiftUpdateCheck = 1430;
				LastUpgradeCheck = 1430;
				TargetAttributes = {
					C89A31A429FAF42B00EAAB70 = {
						CreatedOnToolsVersion = 14.3;
					};
					C89A31BA29FAF42C00EAAB70 = {
						CreatedOnToolsVersion = 14.3;
						TestTargetID = C89A31A429FAF42B00EAAB70;
					};
					C89A31C429FAF42C00EAAB70 = {
						CreatedOnToolsVersion = 14.3;
						TestTargetID = C89A31A429FAF42B00EAAB70;
					};
				};
			};
			buildConfigurationList = C89A31A029FAF42B00EAAB70 /* Build configuration list for PBXProject "Homework 7" */;
			compatibilityVersion = "Xcode 14.0";
			developmentRegion = en;
			hasScannedForEncodings = 0;
			knownRegions = (
				en,
				Base,
			);
			mainGroup = C89A319C29FAF42B00EAAB70;
			productRefGroup = C89A31A629FAF42B00EAAB70 /* Products */;
			projectDirPath = "";
			projectRoot = "";
			targets = (
				C89A31A429FAF42B00EAAB70 /* Homework 7 */,
				C89A31BA29FAF42C00EAAB70 /* Homework 7Tests */,
				C89A31C429FAF42C00EAAB70 /* Homework 7UITests */,
			);
		};
/* End PBXProject section */

/* Begin PBXResourcesBuildPhase section */
		C89A31A329FAF42B00EAAB70 /* Resources */ = {
			isa = PBXResourcesBuildPhase;
			buildActionMask = 2147483647;
			files = (
				C89A31B529FAF42C00EAAB70 /* LaunchScreen.storyboard in Resources */,
				C89A31B229FAF42C00EAAB70 /* Assets.xcassets in Resources */,
				C89A31B029FAF42B00EAAB70 /* Main.storyboard in Resources */,
			);
			runOnlyForDeploymentPostprocessing = 0;
		};
		C89A31B929FAF42C00EAAB70 /* Resources */ = {
			isa = PBXResourcesBuildPhase;
			buildActionMask = 2147483647;
			files = (
			);
			runOnlyForDeploymentPostprocessing = 0;
		};
		C89A31C329FAF42C00EAAB70 /* Resources */ = {
			isa = PBXResourcesBuildPhase;
			buildActionMask = 2147483647;
			files = (
			);
			runOnlyForDeploymentPostprocessing = 0;
		};
/* End PBXResourcesBuildPhase section */

/* Begin PBXSourcesBuildPhase section */
		C89A31A129FAF42B00EAAB70 /* Sources */ = {
			isa = PBXSourcesBuildPhase;
			buildActionMask = 2147483647;
			files = (
				C89A31AD29FAF42B00EAAB70 /* ViewController.swift in Sources */,
				C89A31A929FAF42B00EAAB70 /* AppDelegate.swift in Sources */,
				C89A31AB29FAF42B00EAAB70 /* SceneDelegate.swift in Sources */,
			);
			runOnlyForDeploymentPostprocessing = 0;
		};
		C89A31B729FAF42C00EAAB70 /* Sources */ = {
			isa = PBXSourcesBuildPhase;
			buildActionMask = 2147483647;
			files = (
				C89A31C029FAF42C00EAAB70 /* Homework_7Tests.swift in Sources */,
			);
			runOnlyForDeploymentPostprocessing = 0;
		};
		C89A31C129FAF42C00EAAB70 /* Sources */ = {
			isa = PBXSourcesBuildPhase;
			buildActionMask = 2147483647;
			files = (
				C89A31CC29FAF42C00EAAB70 /* Homework_7UITestsLaunchTests.swift in Sources */,
				C89A31CA29FAF42C00EAAB70 /* Homework_7UITests.swift in Sources */,
			);
			runOnlyForDeploymentPostprocessing = 0;
		};
/* End PBXSourcesBuildPhase section */

/* Begin PBXTargetDependency section */
		C89A31BD29FAF42C00EAAB70 /* PBXTargetDependency */ = {
			isa = PBXTargetDependency;
			target = C89A31A429FAF42B00EAAB70 /* Homework 7 */;
			targetProxy = C89A31BC29FAF42C00EAAB70 /* PBXContainerItemProxy */;
		};
		C89A31C729FAF42C00EAAB70 /* PBXTargetDependency */ = {
			isa = PBXTargetDependency;
			target = C89A31A429FAF42B00EAAB70 /* Homework 7 */;
			targetProxy = C89A31C629FAF42C00EAAB70 /* PBXContainerItemProxy */;
		};
/* End PBXTargetDependency section */

/* Begin PBXVariantGroup section */
		C89A31AE29FAF42B00EAAB70 /* Main.storyboard */ = {
			isa = PBXVariantGroup;
			children = (
				C89A31AF29FAF42B00EAAB70 /* Base */,
			);
			name = Main.storyboard;
			sourceTree = "<group>";
		};
		C89A31B329FAF42C00EAAB70 /* LaunchScreen.storyboard */ = {
			isa = PBXVariantGroup;
			children = (
				C89A31B429FAF42C00EAAB70 /* Base */,
			);
			name = LaunchScreen.storyboard;
			sourceTree = "<group>";
		};
/* End PBXVariantGroup section */

/* Begin XCBuildConfiguration section */
		C89A31CD29FAF42C00EAAB70 /* Debug */ = {
			isa = XCBuildConfiguration;
			buildSettings = {
				ALWAYS_SEARCH_USER_PATHS = NO;
				CLANG_ANALYZER_NONNULL = YES;
				CLANG_ANALYZER_NUMBER_OBJECT_CONVERSION = YES_AGGRESSIVE;
				CLANG_CXX_LANGUAGE_STANDARD = "gnu++20";
				CLANG_ENABLE_MODULES = YES;
				CLANG_ENABLE_OBJC_ARC = YES;
				CLANG_ENABLE_OBJC_WEAK = YES;
				CLANG_WARN_BLOCK_CAPTURE_AUTORELEASING = YES;
				CLANG_WARN_BOOL_CONVERSION = YES;
				CLANG_WARN_COMMA = YES;
				CLANG_WARN_CONSTANT_CONVERSION = YES;
				CLANG_WARN_DEPRECATED_OBJC_IMPLEMENTATIONS = YES;
				CLANG_WARN_DIRECT_OBJC_ISA_USAGE = YES_ERROR;
				CLANG_WARN_DOCUMENTATION_COMMENTS = YES;
				CLANG_WARN_EMPTY_BODY = YES;
				CLANG_WARN_ENUM_CONVERSION = YES;
				CLANG_WARN_INFINITE_RECURSION = YES;
				CLANG_WARN_INT_CONVERSION = YES;
				CLANG_WARN_NON_LITERAL_NULL_CONVERSION = YES;
				CLANG_WARN_OBJC_IMPLICIT_RETAIN_SELF = YES;
				CLANG_WARN_OBJC_LITERAL_CONVERSION = YES;
				CLANG_WARN_OBJC_ROOT_CLASS = YES_ERROR;
				CLANG_WARN_QUOTED_INCLUDE_IN_FRAMEWORK_HEADER = YES;
				CLANG_WARN_RANGE_LOOP_ANALYSIS = YES;
				CLANG_WARN_STRICT_PROTOTYPES = YES;
				CLANG_WARN_SUSPICIOUS_MOVE = YES;
				CLANG_WARN_UNGUARDED_AVAILABILITY = YES_AGGRESSIVE;
				CLANG_WARN_UNREACHABLE_CODE = YES;
				CLANG_WARN__DUPLICATE_METHOD_MATCH = YES;
				COPY_PHASE_STRIP = NO;
				DEBUG_INFORMATION_FORMAT = dwarf;
				ENABLE_STRICT_OBJC_MSGSEND = YES;
				ENABLE_TESTABILITY = YES;
				GCC_C_LANGUAGE_STANDARD = gnu11;
				GCC_DYNAMIC_NO_PIC = NO;
				GCC_NO_COMMON_BLOCKS = YES;
				GCC_OPTIMIZATION_LEVEL = 0;
				GCC_PREPROCESSOR_DEFINITIONS = (
					"DEBUG=1",
					"$(inherited)",
				);
				GCC_WARN_64_TO_32_BIT_CONVERSION = YES;
				GCC_WARN_ABOUT_RETURN_TYPE = YES_ERROR;
				GCC_WARN_UNDECLARED_SELECTOR = YES;
				GCC_WARN_UNINITIALIZED_AUTOS = YES_AGGRESSIVE;
				GCC_WARN_UNUSED_FUNCTION = YES;
				GCC_WARN_UNUSED_VARIABLE = YES;
				IPHONEOS_DEPLOYMENT_TARGET = 16.4;
				MTL_ENABLE_DEBUG_INFO = INCLUDE_SOURCE;
				MTL_FAST_MATH = YES;
				ONLY_ACTIVE_ARCH = YES;
				SDKROOT = iphoneos;
				SWIFT_ACTIVE_COMPILATION_CONDITIONS = DEBUG;
				SWIFT_OPTIMIZATION_LEVEL = "-Onone";
			};
			name = Debug;
		};
		C89A31CE29FAF42C00EAAB70 /* Release */ = {
			isa = XCBuildConfiguration;
			buildSettings = {
				ALWAYS_SEARCH_USER_PATHS = NO;
				CLANG_ANALYZER_NONNULL = YES;
				CLANG_ANALYZER_NUMBER_OBJECT_CONVERSION = YES_AGGRESSIVE;
				CLANG_CXX_LANGUAGE_STANDARD = "gnu++20";
				CLANG_ENABLE_MODULES = YES;
				CLANG_ENABLE_OBJC_ARC = YES;
				CLANG_ENABLE_OBJC_WEAK = YES;
				CLANG_WARN_BLOCK_CAPTURE_AUTORELEASING = YES;
				CLANG_WARN_BOOL_CONVERSION = YES;
				CLANG_WARN_COMMA = YES;
				CLANG_WARN_CONSTANT_CONVERSION = YES;
				CLANG_WARN_DEPRECATED_OBJC_IMPLEMENTATIONS = YES;
				CLANG_WARN_DIRECT_OBJC_ISA_USAGE = YES_ERROR;
				CLANG_WARN_DOCUMENTATION_COMMENTS = YES;
				CLANG_WARN_EMPTY_BODY = YES;
				CLANG_WARN_ENUM_CONVERSION = YES;
				CLANG_WARN_INFINITE_RECURSION = YES;
				CLANG_WARN_INT_CONVERSION = YES;
				CLANG_WARN_NON_LITERAL_NULL_CONVERSION = YES;
				CLANG_WARN_OBJC_IMPLICIT_RETAIN_SELF = YES;
				CLANG_WARN_OBJC_LITERAL_CONVERSION = YES;
				CLANG_WARN_OBJC_ROOT_CLASS = YES_ERROR;
				CLANG_WARN_QUOTED_INCLUDE_IN_FRAMEWORK_HEADER = YES;
				CLANG_WARN_RANGE_LOOP_ANALYSIS = YES;
				CLANG_WARN_STRICT_PROTOTYPES = YES;
				CLANG_WARN_SUSPICIOUS_MOVE = YES;
				CLANG_WARN_UNGUARDED_AVAILABILITY = YES_AGGRESSIVE;
				CLANG_WARN_UNREACHABLE_CODE = YES;
				CLANG_WARN__DUPLICATE_METHOD_MATCH = YES;
				COPY_PHASE_STRIP = NO;
				DEBUG_INFORMATION_FORMAT = "dwarf-with-dsym";
				ENABLE_NS_ASSERTIONS = NO;
				ENABLE_STRICT_OBJC_MSGSEND = YES;
				GCC_C_LANGUAGE_STANDARD = gnu11;
				GCC_NO_COMMON_BLOCKS = YES;
				GCC_WARN_64_TO_32_BIT_CONVERSION = YES;
				GCC_WARN_ABOUT_RETURN_TYPE = YES_ERROR;
				GCC_WARN_UNDECLARED_SELECTOR = YES;
				GCC_WARN_UNINITIALIZED_AUTOS = YES_AGGRESSIVE;
				GCC_WARN_UNUSED_FUNCTION = YES;
				GCC_WARN_UNUSED_VARIABLE = YES;
				IPHONEOS_DEPLOYMENT_TARGET = 16.4;
				MTL_ENABLE_DEBUG_INFO = NO;
				MTL_FAST_MATH = YES;
				SDKROOT = iphoneos;
				SWIFT_COMPILATION_MODE = wholemodule;
				SWIFT_OPTIMIZATION_LEVEL = "-O";
				VALIDATE_PRODUCT = YES;
			};
			name = Release;
		};
		C89A31D029FAF42C00EAAB70 /* Debug */ = {
			isa = XCBuildConfiguration;
			buildSettings = {
				ASSETCATALOG_COMPILER_APPICON_NAME = AppIcon;
				ASSETCATALOG_COMPILER_GLOBAL_ACCENT_COLOR_NAME = AccentColor;
				CODE_SIGN_STYLE = Automatic;
				CURRENT_PROJECT_VERSION = 1;
				GENERATE_INFOPLIST_FILE = YES;
				INFOPLIST_FILE = "Homework 7/Info.plist";
				INFOPLIST_KEY_UIApplicationSupportsIndirectInputEvents = YES;
				INFOPLIST_KEY_UILaunchStoryboardName = LaunchScreen;
				INFOPLIST_KEY_UIMainStoryboardFile = Main;
				INFOPLIST_KEY_UISupportedInterfaceOrientations_iPad = "UIInterfaceOrientationPortrait UIInterfaceOrientationPortraitUpsideDown UIInterfaceOrientationLandscapeLeft UIInterfaceOrientationLandscapeRight";
				INFOPLIST_KEY_UISupportedInterfaceOrientations_iPhone = "UIInterfaceOrientationPortrait UIInterfaceOrientationLandscapeLeft UIInterfaceOrientationLandscapeRight";
				LD_RUNPATH_SEARCH_PATHS = (
					"$(inherited)",
					"@executable_path/Frameworks",
				);
				MARKETING_VERSION = 1.0;
				PRODUCT_BUNDLE_IDENTIFIER = "Homework-7.Homework-7";
				PRODUCT_NAME = "$(TARGET_NAME)";
				SWIFT_EMIT_LOC_STRINGS = YES;
				SWIFT_VERSION = 5.0;
				TARGETED_DEVICE_FAMILY = "1,2";
			};
			name = Debug;
		};
		C89A31D129FAF42C00EAAB70 /* Release */ = {
			isa = XCBuildConfiguration;
			buildSettings = {
				ASSETCATALOG_COMPILER_APPICON_NAME = AppIcon;
				ASSETCATALOG_COMPILER_GLOBAL_ACCENT_COLOR_NAME = AccentColor;
				CODE_SIGN_STYLE = Automatic;
				CURRENT_PROJECT_VERSION = 1;
				GENERATE_INFOPLIST_FILE = YES;
				INFOPLIST_FILE = "Homework 7/Info.plist";
				INFOPLIST_KEY_UIApplicationSupportsIndirectInputEvents = YES;
				INFOPLIST_KEY_UILaunchStoryboardName = LaunchScreen;
				INFOPLIST_KEY_UIMainStoryboardFile = Main;
				INFOPLIST_KEY_UISupportedInterfaceOrientations_iPad = "UIInterfaceOrientationPortrait UIInterfaceOrientationPortraitUpsideDown UIInterfaceOrientationLandscapeLeft UIInterfaceOrientationLandscapeRight";
				INFOPLIST_KEY_UISupportedInterfaceOrientations_iPhone = "UIInterfaceOrientationPortrait UIInterfaceOrientationLandscapeLeft UIInterfaceOrientationLandscapeRight";
				LD_RUNPATH_SEARCH_PATHS = (
					"$(inherited)",
					"@executable_path/Frameworks",
				);
				MARKETING_VERSION = 1.0;
				PRODUCT_BUNDLE_IDENTIFIER = "Homework-7.Homework-7";
				PRODUCT_NAME = "$(TARGET_NAME)";
				SWIFT_EMIT_LOC_STRINGS = YES;
				SWIFT_VERSION = 5.0;
				TARGETED_DEVICE_FAMILY = "1,2";
			};
			name = Release;
		};
		C89A31D329FAF42C00EAAB70 /* Debug */ = {
			isa = XCBuildConfiguration;
			buildSettings = {
				ALWAYS_EMBED_SWIFT_STANDARD_LIBRARIES = YES;
				BUNDLE_LOADER = "$(TEST_HOST)";
				CODE_SIGN_STYLE = Automatic;
				CURRENT_PROJECT_VERSION = 1;
				GENERATE_INFOPLIST_FILE = YES;
				IPHONEOS_DEPLOYMENT_TARGET = 16.4;
				MARKETING_VERSION = 1.0;
				PRODUCT_BUNDLE_IDENTIFIER = "Homework-7.Homework-7Tests";
				PRODUCT_NAME = "$(TARGET_NAME)";
				SWIFT_EMIT_LOC_STRINGS = NO;
				SWIFT_VERSION = 5.0;
				TARGETED_DEVICE_FAMILY = "1,2";
				TEST_HOST = "$(BUILT_PRODUCTS_DIR)/Homework 7.app/$(BUNDLE_EXECUTABLE_FOLDER_PATH)/Homework 7";
			};
			name = Debug;
		};
		C89A31D429FAF42C00EAAB70 /* Release */ = {
			isa = XCBuildConfiguration;
			buildSettings = {
				ALWAYS_EMBED_SWIFT_STANDARD_LIBRARIES = YES;
				BUNDLE_LOADER = "$(TEST_HOST)";
				CODE_SIGN_STYLE = Automatic;
				CURRENT_PROJECT_VERSION = 1;
				GENERATE_INFOPLIST_FILE = YES;
				IPHONEOS_DEPLOYMENT_TARGET = 16.4;
				MARKETING_VERSION = 1.0;
				PRODUCT_BUNDLE_IDENTIFIER = "Homework-7.Homework-7Tests";
				PRODUCT_NAME = "$(TARGET_NAME)";
				SWIFT_EMIT_LOC_STRINGS = NO;
				SWIFT_VERSION = 5.0;
				TARGETED_DEVICE_FAMILY = "1,2";
				TEST_HOST = "$(BUILT_PRODUCTS_DIR)/Homework 7.app/$(BUNDLE_EXECUTABLE_FOLDER_PATH)/Homework 7";
			};
			name = Release;
		};
		C89A31D629FAF42C00EAAB70 /* Debug */ = {
			isa = XCBuildConfiguration;
			buildSettings = {
				ALWAYS_EMBED_SWIFT_STANDARD_LIBRARIES = YES;
				CODE_SIGN_STYLE = Automatic;
				CURRENT_PROJECT_VERSION = 1;
				GENERATE_INFOPLIST_FILE = YES;
				MARKETING_VERSION = 1.0;
				PRODUCT_BUNDLE_IDENTIFIER = "Homework-7.Homework-7UITests";
				PRODUCT_NAME = "$(TARGET_NAME)";
				SWIFT_EMIT_LOC_STRINGS = NO;
				SWIFT_VERSION = 5.0;
				TARGETED_DEVICE_FAMILY = "1,2";
				TEST_TARGET_NAME = "Homework 7";
			};
			name = Debug;
		};
		C89A31D729FAF42C00EAAB70 /* Release */ = {
			isa = XCBuildConfiguration;
			buildSettings = {
				ALWAYS_EMBED_SWIFT_STANDARD_LIBRARIES = YES;
				CODE_SIGN_STYLE = Automatic;
				CURRENT_PROJECT_VERSION = 1;
				GENERATE_INFOPLIST_FILE = YES;
				MARKETING_VERSION = 1.0;
				PRODUCT_BUNDLE_IDENTIFIER = "Homework-7.Homework-7UITests";
				PRODUCT_NAME = "$(TARGET_NAME)";
				SWIFT_EMIT_LOC_STRINGS = NO;
				SWIFT_VERSION = 5.0;
				TARGETED_DEVICE_FAMILY = "1,2";
				TEST_TARGET_NAME = "Homework 7";
			};
			name = Release;
		};
/* End XCBuildConfiguration section */

/* Begin XCConfigurationList section */
		C89A31A029FAF42B00EAAB70 /* Build configuration list for PBXProject "Homework 7" */ = {
			isa = XCConfigurationList;
			buildConfigurations = (
				C89A31CD29FAF42C00EAAB70 /* Debug */,
				C89A31CE29FAF42C00EAAB70 /* Release */,
			);
			defaultConfigurationIsVisible = 0;
			defaultConfigurationName = Release;
		};
		C89A31CF29FAF42C00EAAB70 /* Build configuration list for PBXNativeTarget "Homework 7" */ = {
			isa = XCConfigurationList;
			buildConfigurations = (
				C89A31D029FAF42C00EAAB70 /* Debug */,
				C89A31D129FAF42C00EAAB70 /* Release */,
			);
			defaultConfigurationIsVisible = 0;
			defaultConfigurationName = Release;
		};
		C89A31D229FAF42C00EAAB70 /* Build configuration list for PBXNativeTarget "Homework 7Tests" */ = {
			isa = XCConfigurationList;
			buildConfigurations = (
				C89A31D329FAF42C00EAAB70 /* Debug */,
				C89A31D429FAF42C00EAAB70 /* Release */,
			);
			defaultConfigurationIsVisible = 0;
			defaultConfigurationName = Release;
		};
		C89A31D529FAF42C00EAAB70 /* Build configuration list for PBXNativeTarget "Homework 7UITests" */ = {
			isa = XCConfigurationList;
			buildConfigurations = (
				C89A31D629FAF42C00EAAB70 /* Debug */,
				C89A31D729FAF42C00EAAB70 /* Release */,
			);
			defaultConfigurationIsVisible = 0;
			defaultConfigurationName = Release;
		};
/* End XCConfigurationList section */
	};
	rootObject = C89A319D29FAF42B00EAAB70 /* Project object */;
}
